
Microsoft Visual Studio Solution File, Format Version 12.00
# Visual Studio 15
VisualStudioVersion = 15.0.27428.2027
MinimumVisualStudioVersion = 10.0.40219.1
Project("{FAE04EC0-301F-11D3-BF4B-00C04F79EFBC}") = "Binding.Android", "Binding\Binding.Android\Binding.Android.csproj", "{1064CE09-5D21-4E7B-B0B6-21B7BB78D2C5}"
EndProject
Project("{FAE04EC0-301F-11D3-BF4B-00C04F79EFBC}") = "Binding.iOS", "Binding\Binding.iOS\Binding.iOS.csproj", "{1EEAA568-ECDF-45A5-B9C2-3AA5F74BBD27}"
EndProject
Project("{FAE04EC0-301F-11D3-BF4B-00C04F79EFBC}") = "Binding.UWP", "Binding\Binding.UWP\Binding.UWP.csproj", "{5331B2CB-8C65-48D5-A64D-1B07AE40CFB3}"
EndProject
Project("{FAE04EC0-301F-11D3-BF4B-00C04F79EFBC}") = "Binding", "Binding\Binding\Binding.csproj", "{A9D14DBB-9880-4027-9D7F-826D62F5082C}"
EndProject
Global
	GlobalSection(SolutionConfigurationPlatforms) = preSolution
		Ad-Hoc|Any CPU = Ad-Hoc|Any CPU
		Ad-Hoc|ARM = Ad-Hoc|ARM
		Ad-Hoc|iPhone = Ad-Hoc|iPhone
		Ad-Hoc|iPhoneSimulator = Ad-Hoc|iPhoneSimulator
		Ad-Hoc|x64 = Ad-Hoc|x64
		Ad-Hoc|x86 = Ad-Hoc|x86
		AppStore|Any CPU = AppStore|Any CPU
		AppStore|ARM = AppStore|ARM
		AppStore|iPhone = AppStore|iPhone
		AppStore|iPhoneSimulator = AppStore|iPhoneSimulator
		AppStore|x64 = AppStore|x64
		AppStore|x86 = AppStore|x86
		Debug|Any CPU = Debug|Any CPU
		Debug|ARM = Debug|ARM
		Debug|iPhone = Debug|iPhone
		Debug|iPhoneSimulator = Debug|iPhoneSimulator
		Debug|x64 = Debug|x64
		Debug|x86 = Debug|x86
		Release|Any CPU = Release|Any CPU
		Release|ARM = Release|ARM
		Release|iPhone = Release|iPhone
		Release|iPhoneSimulator = Release|iPhoneSimulator
		Release|x64 = Release|x64
		Release|x86 = Release|x86
	EndGlobalSection
	GlobalSection(ProjectConfigurationPlatforms) = postSolution
		{1064CE09-5D21-4E7B-B0B6-21B7BB78D2C5}.Ad-Hoc|Any CPU.ActiveCfg = Release|Any CPU
		{1064CE09-5D21-4E7B-B0B6-21B7BB78D2C5}.Ad-Hoc|Any CPU.Build.0 = Release|Any CPU
		{1064CE09-5D21-4E7B-B0B6-21B7BB78D2C5}.Ad-Hoc|Any CPU.Deploy.0 = Release|Any CPU
		{1064CE09-5D21-4E7B-B0B6-21B7BB78D2C5}.Ad-Hoc|ARM.ActiveCfg = Release|Any CPU
		{1064CE09-5D21-4E7B-B0B6-21B7BB78D2C5}.Ad-Hoc|ARM.Build.0 = Release|Any CPU
		{1064CE09-5D21-4E7B-B0B6-21B7BB78D2C5}.Ad-Hoc|ARM.Deploy.0 = Release|Any CPU
		{1064CE09-5D21-4E7B-B0B6-21B7BB78D2C5}.Ad-Hoc|iPhone.ActiveCfg = Release|Any CPU
		{1064CE09-5D21-4E7B-B0B6-21B7BB78D2C5}.Ad-Hoc|iPhone.Build.0 = Release|Any CPU
		{1064CE09-5D21-4E7B-B0B6-21B7BB78D2C5}.Ad-Hoc|iPhone.Deploy.0 = Release|Any CPU
		{1064CE09-5D21-4E7B-B0B6-21B7BB78D2C5}.Ad-Hoc|iPhoneSimulator.ActiveCfg = Release|Any CPU
		{1064CE09-5D21-4E7B-B0B6-21B7BB78D2C5}.Ad-Hoc|iPhoneSimulator.Build.0 = Release|Any CPU
		{1064CE09-5D21-4E7B-B0B6-21B7BB78D2C5}.Ad-Hoc|iPhoneSimulator.Deploy.0 = Release|Any CPU
		{1064CE09-5D21-4E7B-B0B6-21B7BB78D2C5}.Ad-Hoc|x64.ActiveCfg = Release|Any CPU
		{1064CE09-5D21-4E7B-B0B6-21B7BB78D2C5}.Ad-Hoc|x64.Build.0 = Release|Any CPU
		{1064CE09-5D21-4E7B-B0B6-21B7BB78D2C5}.Ad-Hoc|x64.Deploy.0 = Release|Any CPU
		{1064CE09-5D21-4E7B-B0B6-21B7BB78D2C5}.Ad-Hoc|x86.ActiveCfg = Release|Any CPU
		{1064CE09-5D21-4E7B-B0B6-21B7BB78D2C5}.Ad-Hoc|x86.Build.0 = Release|Any CPU
		{1064CE09-5D21-4E7B-B0B6-21B7BB78D2C5}.Ad-Hoc|x86.Deploy.0 = Release|Any CPU
		{1064CE09-5D21-4E7B-B0B6-21B7BB78D2C5}.AppStore|Any CPU.ActiveCfg = Release|Any CPU
		{1064CE09-5D21-4E7B-B0B6-21B7BB78D2C5}.AppStore|Any CPU.Build.0 = Release|Any CPU
		{1064CE09-5D21-4E7B-B0B6-21B7BB78D2C5}.AppStore|Any CPU.Deploy.0 = Release|Any CPU
		{1064CE09-5D21-4E7B-B0B6-21B7BB78D2C5}.AppStore|ARM.ActiveCfg = Release|Any CPU
		{1064CE09-5D21-4E7B-B0B6-21B7BB78D2C5}.AppStore|ARM.Build.0 = Release|Any CPU
		{1064CE09-5D21-4E7B-B0B6-21B7BB78D2C5}.AppStore|ARM.Deploy.0 = Release|Any CPU
		{1064CE09-5D21-4E7B-B0B6-21B7BB78D2C5}.AppStore|iPhone.ActiveCfg = Release|Any CPU
		{1064CE09-5D21-4E7B-B0B6-21B7BB78D2C5}.AppStore|iPhone.Build.0 = Release|Any CPU
		{1064CE09-5D21-4E7B-B0B6-21B7BB78D2C5}.AppStore|iPhone.Deploy.0 = Release|Any CPU
		{1064CE09-5D21-4E7B-B0B6-21B7BB78D2C5}.AppStore|iPhoneSimulator.ActiveCfg = Release|Any CPU
		{1064CE09-5D21-4E7B-B0B6-21B7BB78D2C5}.AppStore|iPhoneSimulator.Build.0 = Release|Any CPU
		{1064CE09-5D21-4E7B-B0B6-21B7BB78D2C5}.AppStore|iPhoneSimulator.Deploy.0 = Release|Any CPU
		{1064CE09-5D21-4E7B-B0B6-21B7BB78D2C5}.AppStore|x64.ActiveCfg = Release|Any CPU
		{1064CE09-5D21-4E7B-B0B6-21B7BB78D2C5}.AppStore|x64.Build.0 = Release|Any CPU
		{1064CE09-5D21-4E7B-B0B6-21B7BB78D2C5}.AppStore|x64.Deploy.0 = Release|Any CPU
		{1064CE09-5D21-4E7B-B0B6-21B7BB78D2C5}.AppStore|x86.ActiveCfg = Release|Any CPU
		{1064CE09-5D21-4E7B-B0B6-21B7BB78D2C5}.AppStore|x86.Build.0 = Release|Any CPU
		{1064CE09-5D21-4E7B-B0B6-21B7BB78D2C5}.AppStore|x86.Deploy.0 = Release|Any CPU
		{1064CE09-5D21-4E7B-B0B6-21B7BB78D2C5}.Debug|Any CPU.ActiveCfg = Debug|Any CPU
		{1064CE09-5D21-4E7B-B0B6-21B7BB78D2C5}.Debug|ARM.ActiveCfg = Debug|Any CPU
		{1064CE09-5D21-4E7B-B0B6-21B7BB78D2C5}.Debug|ARM.Build.0 = Debug|Any CPU
		{1064CE09-5D21-4E7B-B0B6-21B7BB78D2C5}.Debug|ARM.Deploy.0 = Debug|Any CPU
		{1064CE09-5D21-4E7B-B0B6-21B7BB78D2C5}.Debug|iPhone.ActiveCfg = Debug|Any CPU
		{1064CE09-5D21-4E7B-B0B6-21B7BB78D2C5}.Debug|iPhone.Build.0 = Debug|Any CPU
		{1064CE09-5D21-4E7B-B0B6-21B7BB78D2C5}.Debug|iPhone.Deploy.0 = Debug|Any CPU
		{1064CE09-5D21-4E7B-B0B6-21B7BB78D2C5}.Debug|iPhoneSimulator.ActiveCfg = Debug|Any CPU
		{1064CE09-5D21-4E7B-B0B6-21B7BB78D2C5}.Debug|iPhoneSimulator.Build.0 = Debug|Any CPU
		{1064CE09-5D21-4E7B-B0B6-21B7BB78D2C5}.Debug|iPhoneSimulator.Deploy.0 = Debug|Any CPU
		{1064CE09-5D21-4E7B-B0B6-21B7BB78D2C5}.Debug|x64.ActiveCfg = Debug|Any CPU
		{1064CE09-5D21-4E7B-B0B6-21B7BB78D2C5}.Debug|x64.Build.0 = Debug|Any CPU
		{1064CE09-5D21-4E7B-B0B6-21B7BB78D2C5}.Debug|x64.Deploy.0 = Debug|Any CPU
		{1064CE09-5D21-4E7B-B0B6-21B7BB78D2C5}.Debug|x86.ActiveCfg = Debug|Any CPU
		{1064CE09-5D21-4E7B-B0B6-21B7BB78D2C5}.Release|Any CPU.ActiveCfg = Release|Any CPU
		{1064CE09-5D21-4E7B-B0B6-21B7BB78D2C5}.Release|Any CPU.Build.0 = Release|Any CPU
		{1064CE09-5D21-4E7B-B0B6-21B7BB78D2C5}.Release|Any CPU.Deploy.0 = Release|Any CPU
		{1064CE09-5D21-4E7B-B0B6-21B7BB78D2C5}.Release|ARM.ActiveCfg = Release|Any CPU
		{1064CE09-5D21-4E7B-B0B6-21B7BB78D2C5}.Release|ARM.Build.0 = Release|Any CPU
		{1064CE09-5D21-4E7B-B0B6-21B7BB78D2C5}.Release|ARM.Deploy.0 = Release|Any CPU
		{1064CE09-5D21-4E7B-B0B6-21B7BB78D2C5}.Release|iPhone.ActiveCfg = Release|Any CPU
		{1064CE09-5D21-4E7B-B0B6-21B7BB78D2C5}.Release|iPhone.Build.0 = Release|Any CPU
		{1064CE09-5D21-4E7B-B0B6-21B7BB78D2C5}.Release|iPhone.Deploy.0 = Release|Any CPU
		{1064CE09-5D21-4E7B-B0B6-21B7BB78D2C5}.Release|iPhoneSimulator.ActiveCfg = Release|Any CPU
		{1064CE09-5D21-4E7B-B0B6-21B7BB78D2C5}.Release|iPhoneSimulator.Build.0 = Release|Any CPU
		{1064CE09-5D21-4E7B-B0B6-21B7BB78D2C5}.Release|iPhoneSimulator.Deploy.0 = Release|Any CPU
		{1064CE09-5D21-4E7B-B0B6-21B7BB78D2C5}.Release|x64.ActiveCfg = Release|Any CPU
		{1064CE09-5D21-4E7B-B0B6-21B7BB78D2C5}.Release|x64.Build.0 = Release|Any CPU
		{1064CE09-5D21-4E7B-B0B6-21B7BB78D2C5}.Release|x64.Deploy.0 = Release|Any CPU
		{1064CE09-5D21-4E7B-B0B6-21B7BB78D2C5}.Release|x86.ActiveCfg = Release|Any CPU
		{1064CE09-5D21-4E7B-B0B6-21B7BB78D2C5}.Release|x86.Build.0 = Release|Any CPU
		{1064CE09-5D21-4E7B-B0B6-21B7BB78D2C5}.Release|x86.Deploy.0 = Release|Any CPU
		{1EEAA568-ECDF-45A5-B9C2-3AA5F74BBD27}.Ad-Hoc|Any CPU.ActiveCfg = Ad-Hoc|iPhone
		{1EEAA568-ECDF-45A5-B9C2-3AA5F74BBD27}.Ad-Hoc|ARM.ActiveCfg = Ad-Hoc|iPhone
		{1EEAA568-ECDF-45A5-B9C2-3AA5F74BBD27}.Ad-Hoc|iPhone.ActiveCfg = Ad-Hoc|iPhone
		{1EEAA568-ECDF-45A5-B9C2-3AA5F74BBD27}.Ad-Hoc|iPhone.Build.0 = Ad-Hoc|iPhone
		{1EEAA568-ECDF-45A5-B9C2-3AA5F74BBD27}.Ad-Hoc|iPhoneSimulator.ActiveCfg = Ad-Hoc|iPhoneSimulator
		{1EEAA568-ECDF-45A5-B9C2-3AA5F74BBD27}.Ad-Hoc|iPhoneSimulator.Build.0 = Ad-Hoc|iPhoneSimulator
		{1EEAA568-ECDF-45A5-B9C2-3AA5F74BBD27}.Ad-Hoc|x64.ActiveCfg = Ad-Hoc|iPhone
		{1EEAA568-ECDF-45A5-B9C2-3AA5F74BBD27}.Ad-Hoc|x86.ActiveCfg = Ad-Hoc|iPhone
		{1EEAA568-ECDF-45A5-B9C2-3AA5F74BBD27}.AppStore|Any CPU.ActiveCfg = AppStore|iPhone
		{1EEAA568-ECDF-45A5-B9C2-3AA5F74BBD27}.AppStore|ARM.ActiveCfg = AppStore|iPhone
		{1EEAA568-ECDF-45A5-B9C2-3AA5F74BBD27}.AppStore|iPhone.ActiveCfg = AppStore|iPhone
		{1EEAA568-ECDF-45A5-B9C2-3AA5F74BBD27}.AppStore|iPhone.Build.0 = AppStore|iPhone
		{1EEAA568-ECDF-45A5-B9C2-3AA5F74BBD27}.AppStore|iPhoneSimulator.ActiveCfg = AppStore|iPhoneSimulator
		{1EEAA568-ECDF-45A5-B9C2-3AA5F74BBD27}.AppStore|iPhoneSimulator.Build.0 = AppStore|iPhoneSimulator
		{1EEAA568-ECDF-45A5-B9C2-3AA5F74BBD27}.AppStore|x64.ActiveCfg = AppStore|iPhone
		{1EEAA568-ECDF-45A5-B9C2-3AA5F74BBD27}.AppStore|x86.ActiveCfg = AppStore|iPhone
		{1EEAA568-ECDF-45A5-B9C2-3AA5F74BBD27}.Debug|Any CPU.ActiveCfg = Debug|iPhone
		{1EEAA568-ECDF-45A5-B9C2-3AA5F74BBD27}.Debug|ARM.ActiveCfg = Debug|iPhone
		{1EEAA568-ECDF-45A5-B9C2-3AA5F74BBD27}.Debug|iPhone.ActiveCfg = Debug|iPhone
		{1EEAA568-ECDF-45A5-B9C2-3AA5F74BBD27}.Debug|iPhone.Build.0 = Debug|iPhone
		{1EEAA568-ECDF-45A5-B9C2-3AA5F74BBD27}.Debug|iPhoneSimulator.ActiveCfg = Debug|iPhoneSimulator
		{1EEAA568-ECDF-45A5-B9C2-3AA5F74BBD27}.Debug|iPhoneSimulator.Build.0 = Debug|iPhoneSimulator
		{1EEAA568-ECDF-45A5-B9C2-3AA5F74BBD27}.Debug|x64.ActiveCfg = Debug|iPhone
		{1EEAA568-ECDF-45A5-B9C2-3AA5F74BBD27}.Debug|x86.ActiveCfg = Debug|iPhone
		{1EEAA568-ECDF-45A5-B9C2-3AA5F74BBD27}.Release|Any CPU.ActiveCfg = Release|iPhone
		{1EEAA568-ECDF-45A5-B9C2-3AA5F74BBD27}.Release|ARM.ActiveCfg = Release|iPhone
		{1EEAA568-ECDF-45A5-B9C2-3AA5F74BBD27}.Release|iPhone.ActiveCfg = Release|iPhone
		{1EEAA568-ECDF-45A5-B9C2-3AA5F74BBD27}.Release|iPhone.Build.0 = Release|iPhone
		{1EEAA568-ECDF-45A5-B9C2-3AA5F74BBD27}.Release|iPhoneSimulator.ActiveCfg = Release|iPhoneSimulator
		{1EEAA568-ECDF-45A5-B9C2-3AA5F74BBD27}.Release|iPhoneSimulator.Build.0 = Release|iPhoneSimulator
		{1EEAA568-ECDF-45A5-B9C2-3AA5F74BBD27}.Release|x64.ActiveCfg = Release|iPhone
		{1EEAA568-ECDF-45A5-B9C2-3AA5F74BBD27}.Release|x86.ActiveCfg = Release|iPhone
		{5331B2CB-8C65-48D5-A64D-1B07AE40CFB3}.Ad-Hoc|Any CPU.ActiveCfg = Release|x86
		{5331B2CB-8C65-48D5-A64D-1B07AE40CFB3}.Ad-Hoc|Any CPU.Build.0 = Release|x86
		{5331B2CB-8C65-48D5-A64D-1B07AE40CFB3}.Ad-Hoc|Any CPU.Deploy.0 = Release|x86
		{5331B2CB-8C65-48D5-A64D-1B07AE40CFB3}.Ad-Hoc|ARM.ActiveCfg = Release|ARM
		{5331B2CB-8C65-48D5-A64D-1B07AE40CFB3}.Ad-Hoc|ARM.Build.0 = Release|ARM
		{5331B2CB-8C65-48D5-A64D-1B07AE40CFB3}.Ad-Hoc|ARM.Deploy.0 = Release|ARM
		{5331B2CB-8C65-48D5-A64D-1B07AE40CFB3}.Ad-Hoc|iPhone.ActiveCfg = Release|x86
		{5331B2CB-8C65-48D5-A64D-1B07AE40CFB3}.Ad-Hoc|iPhone.Build.0 = Release|x86
		{5331B2CB-8C65-48D5-A64D-1B07AE40CFB3}.Ad-Hoc|iPhone.Deploy.0 = Release|x86
		{5331B2CB-8C65-48D5-A64D-1B07AE40CFB3}.Ad-Hoc|iPhoneSimulator.ActiveCfg = Release|x86
		{5331B2CB-8C65-48D5-A64D-1B07AE40CFB3}.Ad-Hoc|iPhoneSimulator.Build.0 = Release|x86
		{5331B2CB-8C65-48D5-A64D-1B07AE40CFB3}.Ad-Hoc|iPhoneSimulator.Deploy.0 = Release|x86
		{5331B2CB-8C65-48D5-A64D-1B07AE40CFB3}.Ad-Hoc|x64.ActiveCfg = Release|x64
		{5331B2CB-8C65-48D5-A64D-1B07AE40CFB3}.Ad-Hoc|x64.Build.0 = Release|x64
		{5331B2CB-8C65-48D5-A64D-1B07AE40CFB3}.Ad-Hoc|x64.Deploy.0 = Release|x64
		{5331B2CB-8C65-48D5-A64D-1B07AE40CFB3}.Ad-Hoc|x86.ActiveCfg = Release|x86
		{5331B2CB-8C65-48D5-A64D-1B07AE40CFB3}.Ad-Hoc|x86.Build.0 = Release|x86
		{5331B2CB-8C65-48D5-A64D-1B07AE40CFB3}.Ad-Hoc|x86.Deploy.0 = Release|x86
		{5331B2CB-8C65-48D5-A64D-1B07AE40CFB3}.AppStore|Any CPU.ActiveCfg = Release|x86
		{5331B2CB-8C65-48D5-A64D-1B07AE40CFB3}.AppStore|Any CPU.Build.0 = Release|x86
		{5331B2CB-8C65-48D5-A64D-1B07AE40CFB3}.AppStore|Any CPU.Deploy.0 = Release|x86
		{5331B2CB-8C65-48D5-A64D-1B07AE40CFB3}.AppStore|ARM.ActiveCfg = Release|ARM
		{5331B2CB-8C65-48D5-A64D-1B07AE40CFB3}.AppStore|ARM.Build.0 = Release|ARM
		{5331B2CB-8C65-48D5-A64D-1B07AE40CFB3}.AppStore|ARM.Deploy.0 = Release|ARM
		{5331B2CB-8C65-48D5-A64D-1B07AE40CFB3}.AppStore|iPhone.ActiveCfg = Release|x86
		{5331B2CB-8C65-48D5-A64D-1B07AE40CFB3}.AppStore|iPhone.Build.0 = Release|x86
		{5331B2CB-8C65-48D5-A64D-1B07AE40CFB3}.AppStore|iPhone.Deploy.0 = Release|x86
		{5331B2CB-8C65-48D5-A64D-1B07AE40CFB3}.AppStore|iPhoneSimulator.ActiveCfg = Release|x86
		{5331B2CB-8C65-48D5-A64D-1B07AE40CFB3}.AppStore|iPhoneSimulator.Build.0 = Release|x86
		{5331B2CB-8C65-48D5-A64D-1B07AE40CFB3}.AppStore|iPhoneSimulator.Deploy.0 = Release|x86
		{5331B2CB-8C65-48D5-A64D-1B07AE40CFB3}.AppStore|x64.ActiveCfg = Release|x64
		{5331B2CB-8C65-48D5-A64D-1B07AE40CFB3}.AppStore|x64.Build.0 = Release|x64
		{5331B2CB-8C65-48D5-A64D-1B07AE40CFB3}.AppStore|x64.Deploy.0 = Release|x64
		{5331B2CB-8C65-48D5-A64D-1B07AE40CFB3}.AppStore|x86.ActiveCfg = Release|x86
		{5331B2CB-8C65-48D5-A64D-1B07AE40CFB3}.AppStore|x86.Build.0 = Release|x86
		{5331B2CB-8C65-48D5-A64D-1B07AE40CFB3}.AppStore|x86.Deploy.0 = Release|x86
		{5331B2CB-8C65-48D5-A64D-1B07AE40CFB3}.Debug|Any CPU.ActiveCfg = Debug|x86
		{5331B2CB-8C65-48D5-A64D-1B07AE40CFB3}.Debug|Any CPU.Build.0 = Debug|x86
		{5331B2CB-8C65-48D5-A64D-1B07AE40CFB3}.Debug|Any CPU.Deploy.0 = Debug|x86
		{5331B2CB-8C65-48D5-A64D-1B07AE40CFB3}.Debug|ARM.ActiveCfg = Debug|ARM
		{5331B2CB-8C65-48D5-A64D-1B07AE40CFB3}.Debug|ARM.Build.0 = Debug|ARM
		{5331B2CB-8C65-48D5-A64D-1B07AE40CFB3}.Debug|ARM.Deploy.0 = Debug|ARM
		{5331B2CB-8C65-48D5-A64D-1B07AE40CFB3}.Debug|iPhone.ActiveCfg = Debug|x86
		{5331B2CB-8C65-48D5-A64D-1B07AE40CFB3}.Debug|iPhoneSimulator.ActiveCfg = Debug|x86
		{5331B2CB-8C65-48D5-A64D-1B07AE40CFB3}.Debug|x64.ActiveCfg = Debug|x64
		{5331B2CB-8C65-48D5-A64D-1B07AE40CFB3}.Debug|x64.Build.0 = Debug|x64
		{5331B2CB-8C65-48D5-A64D-1B07AE40CFB3}.Debug|x64.Deploy.0 = Debug|x64
		{5331B2CB-8C65-48D5-A64D-1B07AE40CFB3}.Debug|x86.ActiveCfg = Debug|x86
		{5331B2CB-8C65-48D5-A64D-1B07AE40CFB3}.Debug|x86.Build.0 = Debug|x86
		{5331B2CB-8C65-48D5-A64D-1B07AE40CFB3}.Debug|x86.Deploy.0 = Debug|x86
		{5331B2CB-8C65-48D5-A64D-1B07AE40CFB3}.Release|Any CPU.ActiveCfg = Release|x86
		{5331B2CB-8C65-48D5-A64D-1B07AE40CFB3}.Release|ARM.ActiveCfg = Release|ARM
		{5331B2CB-8C65-48D5-A64D-1B07AE40CFB3}.Release|ARM.Build.0 = Release|ARM
		{5331B2CB-8C65-48D5-A64D-1B07AE40CFB3}.Release|ARM.Deploy.0 = Release|ARM
		{5331B2CB-8C65-48D5-A64D-1B07AE40CFB3}.Release|iPhone.ActiveCfg = Release|x86
		{5331B2CB-8C65-48D5-A64D-1B07AE40CFB3}.Release|iPhoneSimulator.ActiveCfg = Release|x86
		{5331B2CB-8C65-48D5-A64D-1B07AE40CFB3}.Release|x64.ActiveCfg = Release|x64
		{5331B2CB-8C65-48D5-A64D-1B07AE40CFB3}.Release|x64.Build.0 = Release|x64
		{5331B2CB-8C65-48D5-A64D-1B07AE40CFB3}.Release|x64.Deploy.0 = Release|x64
		{5331B2CB-8C65-48D5-A64D-1B07AE40CFB3}.Release|x86.ActiveCfg = Release|x86
		{5331B2CB-8C65-48D5-A64D-1B07AE40CFB3}.Release|x86.Build.0 = Release|x86
		{5331B2CB-8C65-48D5-A64D-1B07AE40CFB3}.Release|x86.Deploy.0 = Release|x86
		{A9D14DBB-9880-4027-9D7F-826D62F5082C}.Ad-Hoc|Any CPU.ActiveCfg = Debug|Any CPU
		{A9D14DBB-9880-4027-9D7F-826D62F5082C}.Ad-Hoc|Any CPU.Build.0 = Debug|Any CPU
		{A9D14DBB-9880-4027-9D7F-826D62F5082C}.Ad-Hoc|ARM.ActiveCfg = Debug|Any CPU
		{A9D14DBB-9880-4027-9D7F-826D62F5082C}.Ad-Hoc|ARM.Build.0 = Debug|Any CPU
		{A9D14DBB-9880-4027-9D7F-826D62F5082C}.Ad-Hoc|iPhone.ActiveCfg = Debug|Any CPU
		{A9D14DBB-9880-4027-9D7F-826D62F5082C}.Ad-Hoc|iPhone.Build.0 = Debug|Any CPU
		{A9D14DBB-9880-4027-9D7F-826D62F5082C}.Ad-Hoc|iPhoneSimulator.ActiveCfg = Debug|Any CPU
		{A9D14DBB-9880-4027-9D7F-826D62F5082C}.Ad-Hoc|iPhoneSimulator.Build.0 = Debug|Any CPU
		{A9D14DBB-9880-4027-9D7F-826D62F5082C}.Ad-Hoc|x64.ActiveCfg = Debug|Any CPU
		{A9D14DBB-9880-4027-9D7F-826D62F5082C}.Ad-Hoc|x64.Build.0 = Debug|Any CPU
		{A9D14DBB-9880-4027-9D7F-826D62F5082C}.Ad-Hoc|x86.ActiveCfg = Debug|Any CPU
		{A9D14DBB-9880-4027-9D7F-826D62F5082C}.Ad-Hoc|x86.Build.0 = Debug|Any CPU
		{A9D14DBB-9880-4027-9D7F-826D62F5082C}.AppStore|Any CPU.ActiveCfg = Debug|Any CPU
		{A9D14DBB-9880-4027-9D7F-826D62F5082C}.AppStore|Any CPU.Build.0 = Debug|Any CPU
		{A9D14DBB-9880-4027-9D7F-826D62F5082C}.AppStore|ARM.ActiveCfg = Debug|Any CPU
		{A9D14DBB-9880-4027-9D7F-826D62F5082C}.AppStore|ARM.Build.0 = Debug|Any CPU
		{A9D14DBB-9880-4027-9D7F-826D62F5082C}.AppStore|iPhone.ActiveCfg = Debug|Any CPU
		{A9D14DBB-9880-4027-9D7F-826D62F5082C}.AppStore|iPhone.Build.0 = Debug|Any CPU
		{A9D14DBB-9880-4027-9D7F-826D62F5082C}.AppStore|iPhoneSimulator.ActiveCfg = Debug|Any CPU
		{A9D14DBB-9880-4027-9D7F-826D62F5082C}.AppStore|iPhoneSimulator.Build.0 = Debug|Any CPU
		{A9D14DBB-9880-4027-9D7F-826D62F5082C}.AppStore|x64.ActiveCfg = Debug|Any CPU
		{A9D14DBB-9880-4027-9D7F-826D62F5082C}.AppStore|x64.Build.0 = Debug|Any CPU
		{A9D14DBB-9880-4027-9D7F-826D62F5082C}.AppStore|x86.ActiveCfg = Debug|Any CPU
		{A9D14DBB-9880-4027-9D7F-826D62F5082C}.AppStore|x86.Build.0 = Debug|Any CPU
		{A9D14DBB-9880-4027-9D7F-826D62F5082C}.Debug|Any CPU.ActiveCfg = Debug|Any CPU
		{A9D14DBB-9880-4027-9D7F-826D62F5082C}.Debug|Any CPU.Build.0 = Debug|Any CPU
		{A9D14DBB-9880-4027-9D7F-826D62F5082C}.Debug|ARM.ActiveCfg = Debug|Any CPU
		{A9D14DBB-9880-4027-9D7F-826D62F5082C}.Debug|ARM.Build.0 = Debug|Any CPU
		{A9D14DBB-9880-4027-9D7F-826D62F5082C}.Debug|iPhone.ActiveCfg = Debug|Any CPU
		{A9D14DBB-9880-4027-9D7F-826D62F5082C}.Debug|iPhone.Build.0 = Debug|Any CPU
		{A9D14DBB-9880-4027-9D7F-826D62F5082C}.Debug|iPhoneSimulator.ActiveCfg = Debug|Any CPU
		{A9D14DBB-9880-4027-9D7F-826D62F5082C}.Debug|iPhoneSimulator.Build.0 = Debug|Any CPU
		{A9D14DBB-9880-4027-9D7F-826D62F5082C}.Debug|x64.ActiveCfg = Debug|Any CPU
		{A9D14DBB-9880-4027-9D7F-826D62F5082C}.Debug|x64.Build.0 = Debug|Any CPU
		{A9D14DBB-9880-4027-9D7F-826D62F5082C}.Debug|x86.ActiveCfg = Debug|Any CPU
		{A9D14DBB-9880-4027-9D7F-826D62F5082C}.Debug|x86.Build.0 = Debug|Any CPU
		{A9D14DBB-9880-4027-9D7F-826D62F5082C}.Release|Any CPU.ActiveCfg = Release|Any CPU
		{A9D14DBB-9880-4027-9D7F-826D62F5082C}.Release|Any CPU.Build.0 = Release|Any CPU
		{A9D14DBB-9880-4027-9D7F-826D62F5082C}.Release|ARM.ActiveCfg = Release|Any CPU
		{A9D14DBB-9880-4027-9D7F-826D62F5082C}.Release|ARM.Build.0 = Release|Any CPU
		{A9D14DBB-9880-4027-9D7F-826D62F5082C}.Release|iPhone.ActiveCfg = Release|Any CPU
		{A9D14DBB-9880-4027-9D7F-826D62F5082C}.Release|iPhone.Build.0 = Release|Any CPU
		{A9D14DBB-9880-4027-9D7F-826D62F5082C}.Release|iPhoneSimulator.ActiveCfg = Release|Any CPU
		{A9D14DBB-9880-4027-9D7F-826D62F5082C}.Release|iPhoneSimulator.Build.0 = Release|Any CPU
		{A9D14DBB-9880-4027-9D7F-826D62F5082C}.Release|x64.ActiveCfg = Release|Any CPU
		{A9D14DBB-9880-4027-9D7F-826D62F5082C}.Release|x64.Build.0 = Release|Any CPU
		{A9D14DBB-9880-4027-9D7F-826D62F5082C}.Release|x86.ActiveCfg = Release|Any CPU
		{A9D14DBB-9880-4027-9D7F-826D62F5082C}.Release|x86.Build.0 = Release|Any CPU
	EndGlobalSection
	GlobalSection(SolutionProperties) = preSolution
		HideSolutionNode = FALSE
	EndGlobalSection
	GlobalSection(ExtensibilityGlobals) = postSolution
		SolutionGuid = {E99461B3-613E-474B-A1B1-4F5B1B5A7A90}
	EndGlobalSection
EndGlobal
